
Microsoft Visual Studio Solution File, Format Version 12.00
# Visual Studio Version 17
VisualStudioVersion = 17.11.35219.272
MinimumVisualStudioVersion = 10.0.40219.1
Project("{FAE04EC0-301F-11D3-BF4B-00C04F79EFBC}") = "NetCoreRouting_0", "NetCoreRouting_0\NetCoreRouting_0.csproj", "{2FA4C512-E5B7-4B0F-B759-767AAA1E7E85}"
EndProject
Global
	GlobalSection(SolutionConfigurationPlatforms) = preSolution
		Debug|Any CPU = Debug|Any CPU
		Release|Any CPU = Release|Any CPU
	EndGlobalSection
	GlobalSection(ProjectConfigurationPlatforms) = postSolution
		{2FA4C512-E5B7-4B0F-B759-767AAA1E7E85}.Debug|Any CPU.ActiveCfg = Debug|Any CPU
		{2FA4C512-E5B7-4B0F-B759-767AAA1E7E85}.Debug|Any CPU.Build.0 = Debug|Any CPU
		{2FA4C512-E5B7-4B0F-B759-767AAA1E7E85}.Release|Any CPU.ActiveCfg = Release|Any CPU
		{2FA4C512-E5B7-4B0F-B759-767AAA1E7E85}.Release|Any CPU.Build.0 = Release|Any CPU
	EndGlobalSection
	GlobalSection(SolutionProperties) = preSolution
		HideSolutionNode = FALSE
	EndGlobalSection
	GlobalSection(ExtensibilityGlobals) = postSolution
		SolutionGuid = {8CA2C4A7-E8F5-4060-BC08-178511294DFC}
	EndGlobalSection
EndGlobal
